<?xml version="1.0" encoding="utf-8"?>
<Project ToolsVersion="4.0" xmlns="http://schemas.microsoft.com/developer/msbuild/2003">
  <ItemGroup>
    <Filter Include="Source Files">
      <UniqueIdentifier>{b020f27a-15d3-4731-9d8e-ae8c7826a8c4}</UniqueIdentifier>
      <Extensions>cpp;c;cxx;rc;def;r;odl;idl;hpj;bat</Extensions>
    </Filter>
    <Filter Include="Header Files">
      <UniqueIdentifier>{c09e78f4-61f2-4e08-9cfd-76b4c511a02e}</UniqueIdentifier>
      <Extensions>h;hpp;hxx;hm;inl</Extensions>
    </Filter>
    <Filter Include="Resource Files">
      <UniqueIdentifier>{cd1a9fbe-5977-4ae7-b029-215745caccce}</UniqueIdentifier>
      <Extensions>ico;cur;bmp;dlg;rc2;rct;bin;rgs;gif;jpg;jpeg;jpe</Extensions>
    </Filter>
  </ItemGroup>
  <ItemGroup>
    <ClCompile Include="AudioClassify.cpp">
      <Filter>Source Files</Filter>
    </ClCompile>
    <ClCompile Include="StdAfx.cpp">
      <Filter>Source Files</Filter>
    </ClCompile>
    <ClCompile Include="daxpy.cpp">
      <Filter>Source Files</Filter>
    </ClCompile>
    <ClCompile Include="ddot.cpp">
      <Filter>Source Files</Filter>
    </ClCompile>
    <ClCompile Include="dnrm2.cpp">
      <Filter>Source Files</Filter>
    </ClCompile>
    <ClCompile Include="dscal.cpp">
      <Filter>Source Files</Filter>
    </ClCompile>
    <ClCompile Include="linear.cpp">
      <Filter>Source Files</Filter>
    </ClCompile>
    <ClCompile Include="MFCC.cpp">
      <Filter>Source Files</Filter>
    </ClCompile>
    <ClCompile Include="predict.cpp">
      <Filter>Source Files</Filter>
    </ClCompile>
    <ClCompile Include="tron.cpp">
      <Filter>Source Files</Filter>
    </ClCompile>
  </ItemGroup>
  <ItemGroup>
    <None Include="AudioClassify.def">
      <Filter>Source Files</Filter>
    </None>
    <None Include="res\AudioClassify.rc2">
      <Filter>Resource Files</Filter>
    </None>
    <None Include="ReadMe.txt" />
  </ItemGroup>
  <ItemGroup>
    <ResourceCompile Include="AudioClassify.rc">
      <Filter>Source Files</Filter>
    </ResourceCompile>
  </ItemGroup>
  <ItemGroup>
    <ClInclude Include="AudioClassify.h">
      <Filter>Header Files</Filter>
    </ClInclude>
    <ClInclude Include="Resource.h">
      <Filter>Header Files</Filter>
    </ClInclude>
    <ClInclude Include="StdAfx.h">
      <Filter>Header Files</Filter>
    </ClInclude>
    <ClInclude Include="blas.h">
      <Filter>Header Files</Filter>
    </ClInclude>
    <ClInclude Include="blasp.h">
      <Filter>Header Files</Filter>
    </ClInclude>
    <ClInclude Include="Const.h">
      <Filter>Header Files</Filter>
    </ClInclude>
    <ClInclude Include="CrossType32.h">
      <Filter>Header Files</Filter>
    </ClInclude>
    <ClInclude Include="linear.h">
      <Filter>Header Files</Filter>
    </ClInclude>
    <ClInclude Include="MFCC.h">
      <Filter>Header Files</Filter>
    </ClInclude>
    <ClInclude Include="tron.h">
      <Filter>Header Files</Filter>
    </ClInclude>
  </ItemGroup>
</Project>