<?xml version="1.0" encoding="utf-8"?>
<Project ToolsVersion="4.0" xmlns="http://schemas.microsoft.com/developer/msbuild/2003">
  <ItemGroup>
    <Filter Include="Source Files">
      <UniqueIdentifier>{facc9e98-b03b-42bb-b957-21cd17fa8f4b}</UniqueIdentifier>
      <Extensions>cpp;c;cxx;rc;def;r;odl;idl;hpj;bat</Extensions>
    </Filter>
    <Filter Include="Header Files">
      <UniqueIdentifier>{bbfd7f38-fff2-433f-8b77-58c46278b3e0}</UniqueIdentifier>
      <Extensions>h;hpp;hxx;hm;inl</Extensions>
    </Filter>
    <Filter Include="Resource Files">
      <UniqueIdentifier>{3dcfa99e-8f32-4826-b235-8d1b4dc866b3}</UniqueIdentifier>
      <Extensions>ico;cur;bmp;dlg;rc2;rct;bin;rgs;gif;jpg;jpeg;jpe</Extensions>
    </Filter>
  </ItemGroup>
  <ItemGroup>
    <ClCompile Include="StdAfx.cpp">
      <Filter>Source Files</Filter>
    </ClCompile>
    <ClCompile Include="Test.cpp">
      <Filter>Source Files</Filter>
    </ClCompile>
    <ClCompile Include="AudioClassify.cpp">
      <Filter>Source Files</Filter>
    </ClCompile>
    <ClCompile Include="daxpy.cpp">
      <Filter>Source Files</Filter>
    </ClCompile>
    <ClCompile Include="ddot.cpp">
      <Filter>Source Files</Filter>
    </ClCompile>
    <ClCompile Include="dnrm2.cpp">
      <Filter>Source Files</Filter>
    </ClCompile>
    <ClCompile Include="dscal.cpp">
      <Filter>Source Files</Filter>
    </ClCompile>
    <ClCompile Include="linear.cpp">
      <Filter>Source Files</Filter>
    </ClCompile>
    <ClCompile Include="MFCC.cpp">
      <Filter>Source Files</Filter>
    </ClCompile>
    <ClCompile Include="predict.cpp">
      <Filter>Source Files</Filter>
    </ClCompile>
    <ClCompile Include="tron.cpp">
      <Filter>Source Files</Filter>
    </ClCompile>
  </ItemGroup>
  <ItemGroup>
    <ResourceCompile Include="Test.rc">
      <Filter>Source Files</Filter>
    </ResourceCompile>
  </ItemGroup>
  <ItemGroup>
    <ClInclude Include="resource.h">
      <Filter>Header Files</Filter>
    </ClInclude>
    <ClInclude Include="StdAfx.h">
      <Filter>Header Files</Filter>
    </ClInclude>
    <ClInclude Include="AudioClassify.h">
      <Filter>Header Files</Filter>
    </ClInclude>
    <ClInclude Include="blas.h">
      <Filter>Header Files</Filter>
    </ClInclude>
    <ClInclude Include="blasp.h">
      <Filter>Header Files</Filter>
    </ClInclude>
    <ClInclude Include="Const.h">
      <Filter>Header Files</Filter>
    </ClInclude>
    <ClInclude Include="CrossType32.h">
      <Filter>Header Files</Filter>
    </ClInclude>
    <ClInclude Include="linear.h">
      <Filter>Header Files</Filter>
    </ClInclude>
    <ClInclude Include="MFCC.h">
      <Filter>Header Files</Filter>
    </ClInclude>
    <ClInclude Include="tron.h">
      <Filter>Header Files</Filter>
    </ClInclude>
  </ItemGroup>
  <ItemGroup>
    <None Include="ReadMe.txt" />
    <None Include="model" />
  </ItemGroup>
  <ItemGroup>
    <Library Include="AudioClassify.lib" />
  </ItemGroup>
</Project>